
Microsoft Visual Studio Solution File, Format Version 12.00
# Visual Studio Version 17
VisualStudioVersion = 17.0.31903.59
MinimumVisualStudioVersion = 10.0.40219.1
Project("{2150E333-8FDC-42A3-9474-1A3956D46DE8}") = "src", "src", "{91D46F4B-402D-4BA8-BA0D-559F50EDE32C}"
EndProject
Project("{FAE04EC0-301F-11D3-BF4B-00C04F79EFBC}") = "GsproLighting.Core", "src\GsproLighting.Core\GsproLighting.Core.csproj", "{31AFB798-ED3B-4A07-9171-A612579570B9}"
EndProject
Project("{FAE04EC0-301F-11D3-BF4B-00C04F79EFBC}") = "GsproLighting.Gspro", "src\GsproLighting.Gspro\GsproLighting.Gspro.csproj", "{E9070ED8-9875-42D9-8C32-88DA3FA8DDCA}"
EndProject
Project("{FAE04EC0-301F-11D3-BF4B-00C04F79EFBC}") = "GsproLighting.Wled", "src\GsproLighting.Wled\GsproLighting.Wled.csproj", "{838DF179-48FB-4775-B88B-557733D3FAD1}"
EndProject
Project("{FAE04EC0-301F-11D3-BF4B-00C04F79EFBC}") = "GsproLighting.App", "src\GsproLighting.App\GsproLighting.App.csproj", "{377DE464-E73B-4D0A-8591-F222506CCA1E}"
EndProject
Project("{FAE04EC0-301F-11D3-BF4B-00C04F79EFBC}") = "GsproLighting.Ui", "src\GsproLighting.Ui\GsproLighting.Ui.csproj", "{60823911-AA4F-4F4D-A140-8ABF5F12DE27}"
EndProject
Project("{2150E333-8FDC-42A3-9474-1A3956D46DE8}") = "tests", "tests", "{C329C628-BF61-4D12-A16D-E0F37A21E80F}"
EndProject
Project("{FAE04EC0-301F-11D3-BF4B-00C04F79EFBC}") = "GsproLighting.Tests", "tests\GsproLighting.Tests\GsproLighting.Tests.csproj", "{23AFFDF9-ABD5-4F9B-AFB8-5F105DE65848}"
EndProject
Global
	GlobalSection(SolutionConfigurationPlatforms) = preSolution
		Debug|Any CPU = Debug|Any CPU
		Release|Any CPU = Release|Any CPU
	EndGlobalSection
	GlobalSection(SolutionProperties) = preSolution
		HideSolutionNode = FALSE
	EndGlobalSection
	GlobalSection(ProjectConfigurationPlatforms) = postSolution
		{31AFB798-ED3B-4A07-9171-A612579570B9}.Debug|Any CPU.ActiveCfg = Debug|Any CPU
		{31AFB798-ED3B-4A07-9171-A612579570B9}.Debug|Any CPU.Build.0 = Debug|Any CPU
		{31AFB798-ED3B-4A07-9171-A612579570B9}.Release|Any CPU.ActiveCfg = Release|Any CPU
		{31AFB798-ED3B-4A07-9171-A612579570B9}.Release|Any CPU.Build.0 = Release|Any CPU
		{E9070ED8-9875-42D9-8C32-88DA3FA8DDCA}.Debug|Any CPU.ActiveCfg = Debug|Any CPU
		{E9070ED8-9875-42D9-8C32-88DA3FA8DDCA}.Debug|Any CPU.Build.0 = Debug|Any CPU
		{E9070ED8-9875-42D9-8C32-88DA3FA8DDCA}.Release|Any CPU.ActiveCfg = Release|Any CPU
		{E9070ED8-9875-42D9-8C32-88DA3FA8DDCA}.Release|Any CPU.Build.0 = Release|Any CPU
		{838DF179-48FB-4775-B88B-557733D3FAD1}.Debug|Any CPU.ActiveCfg = Debug|Any CPU
		{838DF179-48FB-4775-B88B-557733D3FAD1}.Debug|Any CPU.Build.0 = Debug|Any CPU
		{838DF179-48FB-4775-B88B-557733D3FAD1}.Release|Any CPU.ActiveCfg = Release|Any CPU
		{838DF179-48FB-4775-B88B-557733D3FAD1}.Release|Any CPU.Build.0 = Release|Any CPU
		{377DE464-E73B-4D0A-8591-F222506CCA1E}.Debug|Any CPU.ActiveCfg = Debug|Any CPU
		{377DE464-E73B-4D0A-8591-F222506CCA1E}.Debug|Any CPU.Build.0 = Debug|Any CPU
		{377DE464-E73B-4D0A-8591-F222506CCA1E}.Release|Any CPU.ActiveCfg = Release|Any CPU
		{377DE464-E73B-4D0A-8591-F222506CCA1E}.Release|Any CPU.Build.0 = Release|Any CPU
		{60823911-AA4F-4F4D-A140-8ABF5F12DE27}.Debug|Any CPU.ActiveCfg = Debug|Any CPU
		{60823911-AA4F-4F4D-A140-8ABF5F12DE27}.Debug|Any CPU.Build.0 = Debug|Any CPU
		{60823911-AA4F-4F4D-A140-8ABF5F12DE27}.Release|Any CPU.ActiveCfg = Release|Any CPU
		{60823911-AA4F-4F4D-A140-8ABF5F12DE27}.Release|Any CPU.Build.0 = Release|Any CPU
		{23AFFDF9-ABD5-4F9B-AFB8-5F105DE65848}.Debug|Any CPU.ActiveCfg = Debug|Any CPU
		{23AFFDF9-ABD5-4F9B-AFB8-5F105DE65848}.Debug|Any CPU.Build.0 = Debug|Any CPU
		{23AFFDF9-ABD5-4F9B-AFB8-5F105DE65848}.Release|Any CPU.ActiveCfg = Release|Any CPU
		{23AFFDF9-ABD5-4F9B-AFB8-5F105DE65848}.Release|Any CPU.Build.0 = Release|Any CPU
	EndGlobalSection
	GlobalSection(NestedProjects) = preSolution
		{31AFB798-ED3B-4A07-9171-A612579570B9} = {91D46F4B-402D-4BA8-BA0D-559F50EDE32C}
		{E9070ED8-9875-42D9-8C32-88DA3FA8DDCA} = {91D46F4B-402D-4BA8-BA0D-559F50EDE32C}
		{838DF179-48FB-4775-B88B-557733D3FAD1} = {91D46F4B-402D-4BA8-BA0D-559F50EDE32C}
		{377DE464-E73B-4D0A-8591-F222506CCA1E} = {91D46F4B-402D-4BA8-BA0D-559F50EDE32C}
		{60823911-AA4F-4F4D-A140-8ABF5F12DE27} = {91D46F4B-402D-4BA8-BA0D-559F50EDE32C}
		{23AFFDF9-ABD5-4F9B-AFB8-5F105DE65848} = {C329C628-BF61-4D12-A16D-E0F37A21E80F}
	EndGlobalSection
EndGlobal
